
Microsoft Visual Studio Solution File, Format Version 12.00
Project("{FAE04EC0-301F-11D3-BF4B-00C04F79EFBC}") = "Better trafic AI", "Better trafic AI\Better trafic AI.csproj", "{8BF6AA3F-8C81-4819-881F-0A3CDEFD5CEF}"
EndProject
Global
	GlobalSection(SolutionConfigurationPlatforms) = preSolution
		Debug|Any CPU = Debug|Any CPU
		Release|Any CPU = Release|Any CPU
	EndGlobalSection
	GlobalSection(ProjectConfigurationPlatforms) = postSolution
		{8BF6AA3F-8C81-4819-881F-0A3CDEFD5CEF}.Debug|Any CPU.ActiveCfg = Debug|Any CPU
		{8BF6AA3F-8C81-4819-881F-0A3CDEFD5CEF}.Debug|Any CPU.Build.0 = Debug|Any CPU
		{8BF6AA3F-8C81-4819-881F-0A3CDEFD5CEF}.Release|Any CPU.ActiveCfg = Release|Any CPU
		{8BF6AA3F-8C81-4819-881F-0A3CDEFD5CEF}.Release|Any CPU.Build.0 = Release|Any CPU
	EndGlobalSection
EndGlobal
